{
	"name": "@pallad/asyns-events-local",
	"version": "0.1.2",
	"lockfileVersion": 2,
	"requires": true,
	"packages": {
		"": {
			"name": "@pallad/asyns-events-local",
			"version": "0.1.0",
			"license": "MIT",
			"dependencies": {
				"@pallad/asyns-events": "*"
			}
		},
		"../main": {
			"name": "@pallad/async-events",
			"version": "0.4.1",
			"license": "MIT",
			"dependencies": {
				"@pallad/type-check": "^1.1.0",
				"predicates": "^2.0.3",
				"tslib": "^2"
			}
		},
		"../main/node_modules/array-find": {
			"version": "1.0.0",
			"license": "MIT"
		},
		"../main/node_modules/predicates": {
			"version": "2.0.3",
			"license": "MIT",
			"dependencies": {
				"array-find": "^1.0.0"
			},
			"engines": {
				"node": ">=4.3"
			}
		},
		"../main/node_modules/tslib": {
			"version": "2.3.1",
			"license": "0BSD"
		},
		"node_modules/@pallad/asyns-events": {
			"resolved": "../main",
			"link": true
		}
	},
	"dependencies": {
		"@pallad/asyns-events": {
			"version": "file:../main",
			"requires": {
				"@pallad/type-check": "^1.1.0",
				"predicates": "^2.0.3",
				"tslib": "^2"
			},
			"dependencies": {
				"array-find": {
					"version": "1.0.0"
				},
				"predicates": {
					"version": "2.0.3",
					"requires": {
						"array-find": "^1.0.0"
					}
				},
				"tslib": {
					"version": "2.3.1"
				}
			}
		}
	}
}
